
Microsoft Visual Studio Solution File, Format Version 12.00
# Visual Studio Version 17
VisualStudioVersion = 17.11.35312.102
MinimumVisualStudioVersion = 10.0.40219.1
Project("{9A19103F-16F7-4668-BE54-9A1E7A4F7556}") = "OnlineEducationPlatform.Api", "OnlineEducationPlatform.Api\OnlineEducationPlatform.Api.csproj", "{F9B714FC-F29E-4FAF-A232-704C99203045}"
EndProject
Project("{FAE04EC0-301F-11D3-BF4B-00C04F79EFBC}") = "OnlineEducationPlatform.BLL", "OnlineEducationPlatform.BLL\OnlineEducationPlatform.BLL.csproj", "{F2A29767-C717-4D52-A498-3D1AD7CF5143}"
EndProject
Project("{FAE04EC0-301F-11D3-BF4B-00C04F79EFBC}") = "OnlineEducationPlatform.DAL", "OnlineEducationPlatform.DAL\OnlineEducationPlatform.DAL.csproj", "{EE6AD09A-09FB-4731-A960-38A1C6A18480}"
EndProject
Global
	GlobalSection(SolutionConfigurationPlatforms) = preSolution
		Debug|Any CPU = Debug|Any CPU
		Release|Any CPU = Release|Any CPU
	EndGlobalSection
	GlobalSection(ProjectConfigurationPlatforms) = postSolution
		{F9B714FC-F29E-4FAF-A232-704C99203045}.Debug|Any CPU.ActiveCfg = Debug|Any CPU
		{F9B714FC-F29E-4FAF-A232-704C99203045}.Debug|Any CPU.Build.0 = Debug|Any CPU
		{F9B714FC-F29E-4FAF-A232-704C99203045}.Release|Any CPU.ActiveCfg = Release|Any CPU
		{F9B714FC-F29E-4FAF-A232-704C99203045}.Release|Any CPU.Build.0 = Release|Any CPU
		{F2A29767-C717-4D52-A498-3D1AD7CF5143}.Debug|Any CPU.ActiveCfg = Debug|Any CPU
		{F2A29767-C717-4D52-A498-3D1AD7CF5143}.Debug|Any CPU.Build.0 = Debug|Any CPU
		{F2A29767-C717-4D52-A498-3D1AD7CF5143}.Release|Any CPU.ActiveCfg = Release|Any CPU
		{F2A29767-C717-4D52-A498-3D1AD7CF5143}.Release|Any CPU.Build.0 = Release|Any CPU
		{EE6AD09A-09FB-4731-A960-38A1C6A18480}.Debug|Any CPU.ActiveCfg = Debug|Any CPU
		{EE6AD09A-09FB-4731-A960-38A1C6A18480}.Debug|Any CPU.Build.0 = Debug|Any CPU
		{EE6AD09A-09FB-4731-A960-38A1C6A18480}.Release|Any CPU.ActiveCfg = Release|Any CPU
		{EE6AD09A-09FB-4731-A960-38A1C6A18480}.Release|Any CPU.Build.0 = Release|Any CPU
	EndGlobalSection
	GlobalSection(SolutionProperties) = preSolution
		HideSolutionNode = FALSE
	EndGlobalSection
	GlobalSection(ExtensibilityGlobals) = postSolution
		SolutionGuid = {B00D0FE3-24F8-41C2-87CF-DF5C54B3362E}
	EndGlobalSection
EndGlobal
